
Microsoft Visual Studio Solution File, Format Version 12.00
# Visual Studio Version 16
VisualStudioVersion = 16.0.32413.511
MinimumVisualStudioVersion = 10.0.40219.1
Project("{FAE04EC0-301F-11D3-BF4B-00C04F79EFBC}") = "People_Exercise", "People_Exercise\People_Exercise.csproj", "{C2D242D9-FADE-403C-9BA6-A9D207032888}"
EndProject
Global
	GlobalSection(SolutionConfigurationPlatforms) = preSolution
		Debug|Any CPU = Debug|Any CPU
		Release|Any CPU = Release|Any CPU
	EndGlobalSection
	GlobalSection(ProjectConfigurationPlatforms) = postSolution
		{C2D242D9-FADE-403C-9BA6-A9D207032888}.Debug|Any CPU.ActiveCfg = Debug|Any CPU
		{C2D242D9-FADE-403C-9BA6-A9D207032888}.Debug|Any CPU.Build.0 = Debug|Any CPU
		{C2D242D9-FADE-403C-9BA6-A9D207032888}.Release|Any CPU.ActiveCfg = Release|Any CPU
		{C2D242D9-FADE-403C-9BA6-A9D207032888}.Release|Any CPU.Build.0 = Release|Any CPU
	EndGlobalSection
	GlobalSection(SolutionProperties) = preSolution
		HideSolutionNode = FALSE
	EndGlobalSection
	GlobalSection(ExtensibilityGlobals) = postSolution
		SolutionGuid = {5FDDBE0A-FC54-439D-9BDE-98DE0DD2AA6E}
	EndGlobalSection
EndGlobal
